lockfileVersion: '9.0'

settings:
  autoInstallPeers: true
  excludeLinksFromLockfile: false

importers:

  .:
    dependencies:
      '@effect-ts/core':
        specifier: ^0.60.5
        version: 0.60.5
      '@effect-ts/otel':
        specifier: ^0.15.1
        version: 0.15.1(@effect-ts/core@0.60.5)(@opentelemetry/api@1.9.0)(@opentelemetry/core@1.30.1(@opentelemetry/api@1.9.0))(@opentelemetry/sdk-trace-base@1.30.1(@opentelemetry/api@1.9.0))
      '@effect-ts/otel-sdk-trace-node':
        specifier: ^0.15.1
        version: 0.15.1(@effect-ts/core@0.60.5)(@opentelemetry/api@1.9.0)(@opentelemetry/core@1.30.1(@opentelemetry/api@1.9.0))(@opentelemetry/sdk-trace-base@1.30.1(@opentelemetry/api@1.9.0))(@opentelemetry/sdk-trace-node@1.30.1(@opentelemetry/api@1.9.0))
      '@js-temporal/polyfill':
        specifier: ^0.4.4
        version: 0.4.4
      '@opentelemetry/api':
        specifier: ^1.8.0
        version: 1.9.0
      '@opentelemetry/core':
        specifier: ^1.24.0
        version: 1.30.1(@opentelemetry/api@1.9.0)
      '@opentelemetry/exporter-trace-otlp-grpc':
        specifier: ^0.51.0
        version: 0.51.1(@opentelemetry/api@1.9.0)
      '@opentelemetry/resources':
        specifier: ^1.21.0
        version: 1.30.1(@opentelemetry/api@1.9.0)
      '@opentelemetry/sdk-trace-base':
        specifier: ^1.21.0
        version: 1.30.1(@opentelemetry/api@1.9.0)
      '@opentelemetry/sdk-trace-node':
        specifier: ^1.21.0
        version: 1.30.1(@opentelemetry/api@1.9.0)
      '@opentelemetry/semantic-conventions':
        specifier: ^1.21.0
        version: 1.28.0
      chokidar:
        specifier: ^3.5.3
        version: 3.6.0
      hash-wasm:
        specifier: ^4.11.0
        version: 4.12.0
      inflection:
        specifier: ^3.0.0
        version: 3.0.2
      memfs:
        specifier: ^4.8.2
        version: 4.17.0
      oo-ascii-tree:
        specifier: ^1.94.0
        version: 1.106.0
      ts-pattern:
        specifier: ^5.0.6
        version: 5.6.1
      type-fest:
        specifier: ^4.10.0
        version: 4.32.0
    devDependencies:
      '@types/inflection':
        specifier: ^1.13.0
        version: 1.13.2

packages:

  '@effect-ts/core@0.60.5':
    resolution: {integrity: sha512-qi1WrtJA90XLMnj2hnUszW9Sx4dXP03ZJtCc5DiUBIOhF4Vw7plfb65/bdBySPoC9s7zy995TdUX1XBSxUkl5w==}

  '@effect-ts/otel-sdk-trace-node@0.15.1':
    resolution: {integrity: sha512-a2sF0ylmn8xOJs8fNeT/spJ1gUcsksAJCALxo9WOfuTCMtTwMVtVhCKEPEeQoL7wFqU+JgPkVdP91+FJ/Rkeow==}
    peerDependencies:
      '@effect-ts/core': ^0.60.2
      '@opentelemetry/api': ^1.4.0
      '@opentelemetry/core': ^1.13.0
      '@opentelemetry/sdk-trace-base': ^1.13.0
      '@opentelemetry/sdk-trace-node': ^1.13.0

  '@effect-ts/otel@0.15.1':
    resolution: {integrity: sha512-AmZJHl7t0+Peh7Yb2+hqn6r9+rd9/UfeA4AMV9h0YGTdOyouyFfD3wzWlxnAUzAQ4Lrod4kC7Noruret4EpqpA==}
    peerDependencies:
      '@effect-ts/core': ^0.60.2
      '@opentelemetry/api': ^1.4.0
      '@opentelemetry/core': ^1.13.0
      '@opentelemetry/sdk-trace-base': ^1.13.0

  '@effect-ts/system@0.57.5':
    resolution: {integrity: sha512-/crHGujo0xnuHIYNc1VgP0HGJGFSoSqq88JFXe6FmFyXPpWt8Xu39LyLg7rchsxfXFeEdA9CrIZvLV5eswXV5g==}

  '@grpc/grpc-js@1.12.5':
    resolution: {integrity: sha512-d3iiHxdpg5+ZcJ6jnDSOT8Z0O0VMVGy34jAnYLUX8yd36b1qn8f1TwOA/Lc7TsOh03IkPJ38eGI5qD2EjNkoEA==}
    engines: {node: '>=12.10.0'}

  '@grpc/proto-loader@0.7.13':
    resolution: {integrity: sha512-AiXO/bfe9bmxBjxxtYxFAXGZvMaN5s8kO+jBHAJCON8rJoB5YS/D6X7ZNc6XQkuHNmyl4CYaMI1fJ/Gn27RGGw==}
    engines: {node: '>=6'}
    hasBin: true

  '@js-sdsl/ordered-map@4.4.2':
    resolution: {integrity: sha512-iUKgm52T8HOE/makSxjqoWhe95ZJA1/G1sYsGev2JDKUSS14KAgg1LHb+Ba+IPow0xflbnSkOsZcO08C7w1gYw==}

  '@js-temporal/polyfill@0.4.4':
    resolution: {integrity: sha512-2X6bvghJ/JAoZO52lbgyAPFj8uCflhTo2g7nkFzEQdXd/D8rEeD4HtmTEpmtGCva260fcd66YNXBOYdnmHqSOg==}
    engines: {node: '>=12'}

  '@jsonjoy.com/base64@1.1.2':
    resolution: {integrity: sha512-q6XAnWQDIMA3+FTiOYajoYqySkO+JSat0ytXGSuRdq9uXE7o92gzuQwQM14xaCRlBLGq3v5miDGC4vkVTn54xA==}
    engines: {node: '>=10.0'}
    peerDependencies:
      tslib: '2'

  '@jsonjoy.com/json-pack@1.1.1':
    resolution: {integrity: sha512-osjeBqMJ2lb/j/M8NCPjs1ylqWIcTRTycIhVB5pt6LgzgeRSb0YRZ7j9RfA8wIUrsr/medIuhVyonXRZWLyfdw==}
    engines: {node: '>=10.0'}
    peerDependencies:
      tslib: '2'

  '@jsonjoy.com/util@1.5.0':
    resolution: {integrity: sha512-ojoNsrIuPI9g6o8UxhraZQSyF2ByJanAY4cTFbc8Mf2AXEF4aQRGY1dJxyJpuyav8r9FGflEt/Ff3u5Nt6YMPA==}
    engines: {node: '>=10.0'}
    peerDependencies:
      tslib: '2'

  '@opentelemetry/api-logs@0.51.1':
    resolution: {integrity: sha512-E3skn949Pk1z2XtXu/lxf6QAZpawuTM/IUEXcAzpiUkTd73Hmvw26FiN3cJuTmkpM5hZzHwkomVdtrh/n/zzwA==}
    engines: {node: '>=14'}

  '@opentelemetry/api@1.9.0':
    resolution: {integrity: sha512-3giAOQvZiH5F9bMlMiv8+GSPMeqg0dbaeo58/0SlA9sxSqZhnUtxzX9/2FzyhS9sWQf5S0GJE0AKBrFqjpeYcg==}
    engines: {node: '>=8.0.0'}

  '@opentelemetry/context-async-hooks@1.30.1':
    resolution: {integrity: sha512-s5vvxXPVdjqS3kTLKMeBMvop9hbWkwzBpu+mUO2M7sZtlkyDJGwFe33wRKnbaYDo8ExRVBIIdwIGrqpxHuKttA==}
    engines: {node: '>=14'}
    peerDependencies:
      '@opentelemetry/api': '>=1.0.0 <1.10.0'

  '@opentelemetry/core@1.24.1':
    resolution: {integrity: sha512-wMSGfsdmibI88K9wB498zXY04yThPexo8jvwNNlm542HZB7XrrMRBbAyKJqG8qDRJwIBdBrPMi4V9ZPW/sqrcg==}
    engines: {node: '>=14'}
    peerDependencies:
      '@opentelemetry/api': '>=1.0.0 <1.9.0'

  '@opentelemetry/core@1.30.1':
    resolution: {integrity: sha512-OOCM2C/QIURhJMuKaekP3TRBxBKxG/TWWA0TL2J6nXUtDnuCtccy49LUJF8xPFXMX+0LMcxFpCo8M9cGY1W6rQ==}
    engines: {node: '>=14'}
    peerDependencies:
      '@opentelemetry/api': '>=1.0.0 <1.10.0'

  '@opentelemetry/exporter-trace-otlp-grpc@0.51.1':
    resolution: {integrity: sha512-P9+Hkszih95ITvldGZ+kXvj9HpD1QfS+PwooyHK72GYA+Bgm+yUSAsDkUkDms8+s9HW6poxURv3LcjaMuBBpVQ==}
    engines: {node: '>=14'}
    peerDependencies:
      '@opentelemetry/api': ^1.0.0

  '@opentelemetry/otlp-exporter-base@0.51.1':
    resolution: {integrity: sha512-UYlnOYyDdzo1Gw559EHCzru0RwhvuXCwoH8jGo9J4gO1TE58GjnEmIjomMsKBCym3qWNJfIQXw+9SZCV0DdQNg==}
    engines: {node: '>=14'}
    peerDependencies:
      '@opentelemetry/api': ^1.0.0

  '@opentelemetry/otlp-grpc-exporter-base@0.51.1':
    resolution: {integrity: sha512-ZAS+4pq8o7dsugGTwV9s6JMKSxi+guIHdn0acOv0bqj26e9pWDFx5Ky+bI0aY46uR9Y0JyXqY+KAEYM/SO3DFA==}
    engines: {node: '>=14'}
    peerDependencies:
      '@opentelemetry/api': ^1.0.0

  '@opentelemetry/otlp-transformer@0.51.1':
    resolution: {integrity: sha512-OppYOXwV9LQqqtYUCywqoOqX/JT9LQ5/FMuPZ//eTkvuHdUC4ZMwz2c6uSoT2R90GWvvGnF1iEqTGyTT3xAt2Q==}
    engines: {node: '>=14'}
    peerDependencies:
      '@opentelemetry/api': '>=1.3.0 <1.9.0'

  '@opentelemetry/propagator-b3@1.30.1':
    resolution: {integrity: sha512-oATwWWDIJzybAZ4pO76ATN5N6FFbOA1otibAVlS8v90B4S1wClnhRUk7K+2CHAwN1JKYuj4jh/lpCEG5BAqFuQ==}
    engines: {node: '>=14'}
    peerDependencies:
      '@opentelemetry/api': '>=1.0.0 <1.10.0'

  '@opentelemetry/propagator-jaeger@1.30.1':
    resolution: {integrity: sha512-Pj/BfnYEKIOImirH76M4hDaBSx6HyZ2CXUqk+Kj02m6BB80c/yo4BdWkn/1gDFfU+YPY+bPR2U0DKBfdxCKwmg==}
    engines: {node: '>=14'}
    peerDependencies:
      '@opentelemetry/api': '>=1.0.0 <1.10.0'

  '@opentelemetry/resources@1.24.1':
    resolution: {integrity: sha512-cyv0MwAaPF7O86x5hk3NNgenMObeejZFLJJDVuSeSMIsknlsj3oOZzRv3qSzlwYomXsICfBeFFlxwHQte5mGXQ==}
    engines: {node: '>=14'}
    peerDependencies:
      '@opentelemetry/api': '>=1.0.0 <1.9.0'

  '@opentelemetry/resources@1.30.1':
    resolution: {integrity: sha512-5UxZqiAgLYGFjS4s9qm5mBVo433u+dSPUFWVWXmLAD4wB65oMCoXaJP1KJa9DIYYMeHu3z4BZcStG3LC593cWA==}
    engines: {node: '>=14'}
    peerDependencies:
      '@opentelemetry/api': '>=1.0.0 <1.10.0'

  '@opentelemetry/sdk-logs@0.51.1':
    resolution: {integrity: sha512-ULQQtl82b673PpZc5/0EtH4V+BrwVOgKJZEB7tYZnGTG3I98tQVk89S9/JSixomDr++F4ih+LSJTCqIKBz+MQQ==}
    engines: {node: '>=14'}
    peerDependencies:
      '@opentelemetry/api': '>=1.4.0 <1.9.0'
      '@opentelemetry/api-logs': '>=0.39.1'

  '@opentelemetry/sdk-metrics@1.24.1':
    resolution: {integrity: sha512-FrAqCbbGao9iKI+Mgh+OsC9+U2YMoXnlDHe06yH7dvavCKzE3S892dGtX54+WhSFVxHR/TMRVJiK/CV93GR0TQ==}
    engines: {node: '>=14'}
    peerDependencies:
      '@opentelemetry/api': '>=1.3.0 <1.9.0'

  '@opentelemetry/sdk-trace-base@1.24.1':
    resolution: {integrity: sha512-zz+N423IcySgjihl2NfjBf0qw1RWe11XIAWVrTNOSSI6dtSPJiVom2zipFB2AEEtJWpv0Iz6DY6+TjnyTV5pWg==}
    engines: {node: '>=14'}
    peerDependencies:
      '@opentelemetry/api': '>=1.0.0 <1.9.0'

  '@opentelemetry/sdk-trace-base@1.30.1':
    resolution: {integrity: sha512-jVPgBbH1gCy2Lb7X0AVQ8XAfgg0pJ4nvl8/IiQA6nxOsPvS+0zMJaFSs2ltXe0J6C8dqjcnpyqINDJmU30+uOg==}
    engines: {node: '>=14'}
    peerDependencies:
      '@opentelemetry/api': '>=1.0.0 <1.10.0'

  '@opentelemetry/sdk-trace-node@1.30.1':
    resolution: {integrity: sha512-cBjYOINt1JxXdpw1e5MlHmFRc5fgj4GW/86vsKFxJCJ8AL4PdVtYH41gWwl4qd4uQjqEL1oJVrXkSy5cnduAnQ==}
    engines: {node: '>=14'}
    peerDependencies:
      '@opentelemetry/api': '>=1.0.0 <1.10.0'

  '@opentelemetry/semantic-conventions@1.24.1':
    resolution: {integrity: sha512-VkliWlS4/+GHLLW7J/rVBA00uXus1SWvwFvcUDxDwmFxYfg/2VI6ekwdXS28cjI8Qz2ky2BzG8OUHo+WeYIWqw==}
    engines: {node: '>=14'}

  '@opentelemetry/semantic-conventions@1.28.0':
    resolution: {integrity: sha512-lp4qAiMTD4sNWW4DbKLBkfiMZ4jbAboJIGOQr5DvciMRI494OapieI9qiODpOt0XBr1LjIDy1xAGAnVs5supTA==}
    engines: {node: '>=14'}

  '@protobufjs/aspromise@1.1.2':
    resolution: {integrity: sha512-j+gKExEuLmKwvz3OgROXtrJ2UG2x8Ch2YZUxahh+s1F2HZ+wAceUNLkvy6zKCPVRkU++ZWQrdxsUeQXmcg4uoQ==}

  '@protobufjs/base64@1.1.2':
    resolution: {integrity: sha512-AZkcAA5vnN/v4PDqKyMR5lx7hZttPDgClv83E//FMNhR2TMcLUhfRUBHCmSl0oi9zMgDDqRUJkSxO3wm85+XLg==}

  '@protobufjs/codegen@2.0.4':
    resolution: {integrity: sha512-YyFaikqM5sH0ziFZCN3xDC7zeGaB/d0IUb9CATugHWbd1FRFwWwt4ld4OYMPWu5a3Xe01mGAULCdqhMlPl29Jg==}

  '@protobufjs/eventemitter@1.1.0':
    resolution: {integrity: sha512-j9ednRT81vYJ9OfVuXG6ERSTdEL1xVsNgqpkxMsbIabzSo3goCjDIveeGv5d03om39ML71RdmrGNjG5SReBP/Q==}

  '@protobufjs/fetch@1.1.0':
    resolution: {integrity: sha512-lljVXpqXebpsijW71PZaCYeIcE5on1w5DlQy5WH6GLbFryLUrBD4932W/E2BSpfRJWseIL4v/KPgBFxDOIdKpQ==}

  '@protobufjs/float@1.0.2':
    resolution: {integrity: sha512-Ddb+kVXlXst9d+R9PfTIxh1EdNkgoRe5tOX6t01f1lYWOvJnSPDBlG241QLzcyPdoNTsblLUdujGSE4RzrTZGQ==}

  '@protobufjs/inquire@1.1.0':
    resolution: {integrity: sha512-kdSefcPdruJiFMVSbn801t4vFK7KB/5gd2fYvrxhuJYg8ILrmn9SKSX2tZdV6V+ksulWqS7aXjBcRXl3wHoD9Q==}

  '@protobufjs/path@1.1.2':
    resolution: {integrity: sha512-6JOcJ5Tm08dOHAbdR3GrvP+yUUfkjG5ePsHYczMFLq3ZmMkAD98cDgcT2iA1lJ9NVwFd4tH/iSSoe44YWkltEA==}

  '@protobufjs/pool@1.1.0':
    resolution: {integrity: sha512-0kELaGSIDBKvcgS4zkjz1PeddatrjYcmMWOlAuAPwAeccUrPHdUqo/J6LiymHHEiJT5NrF1UVwxY14f+fy4WQw==}

  '@protobufjs/utf8@1.1.0':
    resolution: {integrity: sha512-Vvn3zZrhQZkkBE8LSuW3em98c0FwgO4nxzv6OdSxPKJIEKY2bGbHn+mhGIPerzI4twdxaP8/0+06HBpwf345Lw==}

  '@types/inflection@1.13.2':
    resolution: {integrity: sha512-VxXY8dNLrxn7nDvsud77K60uD3a9RSmKfa0k/N/zvP2G55R5/8DSO5Ferz3mQdlAo8jPnpQLilCx9rABdPHSVg==}

  '@types/node@22.10.7':
    resolution: {integrity: sha512-V09KvXxFiutGp6B7XkpaDXlNadZxrzajcY50EuoLIpQ6WWYCSvf19lVIazzfIzQvhUN2HjX12spLojTnhuKlGg==}

  ansi-regex@5.0.1:
    resolution: {integrity: sha512-quJQXlTSUGL2LH9SUXo8VwsY4soanhgo6LNSm84E1LBcE8s3O0wpdiRzyR9z/ZZJMlMWv37qOOb9pdJlMUEKFQ==}
    engines: {node: '>=8'}

  ansi-styles@4.3.0:
    resolution: {integrity: sha512-zbB9rCJAT1rbjiVDb2hqKFHNYLxgtk8NURxZ3IZwD3F6NtxbXZQCnnSi1Lkx+IDohdPlFp222wVALIheZJQSEg==}
    engines: {node: '>=8'}

  anymatch@3.1.3:
    resolution: {integrity: sha512-KMReFUr0B4t+D+OBkjR3KYqvocp2XaSzO55UcB6mgQMd3KbcE+mWTyvVV7D/zsdEbNnV6acZUutkiHQXvTr1Rw==}
    engines: {node: '>= 8'}

  binary-extensions@2.3.0:
    resolution: {integrity: sha512-Ceh+7ox5qe7LJuLHoY0feh3pHuUDHAcRUeyL2VYghZwfpkNIy/+8Ocg0a3UuSoYzavmylwuLWQOf3hl0jjMMIw==}
    engines: {node: '>=8'}

  braces@3.0.3:
    resolution: {integrity: sha512-yQbXgO/OSZVD2IsiLlro+7Hf6Q18EJrKSEsdoMzKePKXct3gvD8oLcOQdIzGupr5Fj+EDe8gO/lxc1BzfMpxvA==}
    engines: {node: '>=8'}

  chokidar@3.6.0:
    resolution: {integrity: sha512-7VT13fmjotKpGipCW9JEQAusEPE+Ei8nl6/g4FBAmIm0GOOLMua9NDDo/DWp0ZAxCr3cPq5ZpBqmPAQgDda2Pw==}
    engines: {node: '>= 8.10.0'}

  cliui@8.0.1:
    resolution: {integrity: sha512-BSeNnyus75C4//NQ9gQt1/csTXyo/8Sb+afLAkzAptFuMsod9HFokGNudZpi/oQV73hnVK+sR+5PVRMd+Dr7YQ==}
    engines: {node: '>=12'}

  color-convert@2.0.1:
    resolution: {integrity: sha512-RRECPsj7iu/xb5oKYcsFHSppFNnsj/52OVTRKb4zP5onXwVF3zVmmToNcOfGC+CRDpfK/U584fMg38ZHCaElKQ==}
    engines: {node: '>=7.0.0'}

  color-name@1.1.4:
    resolution: {integrity: sha512-dOy+3AuW3a2wNbZHIuMZpTcgjGuLU/uBL/ubcZF9OXbDo8ff4O8yVp5Bf0efS8uEoYo5q4Fx7dY9OgQGXgAsQA==}

  emoji-regex@8.0.0:
    resolution: {integrity: sha512-MSjYzcWNOA0ewAHpz0MxpYFvwg6yjy1NG3xteoqz644VCo/RPgnr1/GGt+ic3iJTzQ8Eu3TdM14SawnVUmGE6A==}

  escalade@3.2.0:
    resolution: {integrity: sha512-WUj2qlxaQtO4g6Pq5c29GTcWGDyd8itL8zTlipgECz3JesAiiOKotd8JU6otB3PACgG6xkJUyVhboMS+bje/jA==}
    engines: {node: '>=6'}

  fill-range@7.1.1:
    resolution: {integrity: sha512-YsGpe3WHLK8ZYi4tWDg2Jy3ebRz2rXowDxnld4bkQB00cc/1Zw9AWnC0i9ztDJitivtQvaI9KaLyKrc+hBW0yg==}
    engines: {node: '>=8'}

  fsevents@2.3.3:
    resolution: {integrity: sha512-5xoDfX+fL7faATnagmWPpbFtwh/R77WmMMqqHGS65C3vvB0YHrgF+B1YmZ3441tMj5n63k0212XNoJwzlhffQw==}
    engines: {node: ^8.16.0 || ^10.6.0 || >=11.0.0}
    os: [darwin]

  get-caller-file@2.0.5:
    resolution: {integrity: sha512-DyFP3BM/3YHTQOCUL/w0OZHR0lpKeGrxotcHWcqNEdnltqFwXVfhEBQ94eIo34AfQpo0rGki4cyIiftY06h2Fg==}
    engines: {node: 6.* || 8.* || >= 10.*}

  glob-parent@5.1.2:
    resolution: {integrity: sha512-AOIgSQCepiJYwP3ARnGx+5VnTu2HBYdzbGP45eLw1vr3zB3vZLeyed1sC9hnbcOc9/SrMyM5RPQrkGz4aS9Zow==}
    engines: {node: '>= 6'}

  hash-wasm@4.12.0:
    resolution: {integrity: sha512-+/2B2rYLb48I/evdOIhP+K/DD2ca2fgBjp6O+GBEnCDk2e4rpeXIK8GvIyRPjTezgmWn9gmKwkQjjx6BtqDHVQ==}

  hyperdyperid@1.2.0:
    resolution: {integrity: sha512-Y93lCzHYgGWdrJ66yIktxiaGULYc6oGiABxhcO5AufBeOyoIdZF7bIfLaOrbM0iGIOXQQgxxRrFEnb+Y6w1n4A==}
    engines: {node: '>=10.18'}

  inflection@3.0.2:
    resolution: {integrity: sha512-+Bg3+kg+J6JUWn8J6bzFmOWkTQ6L/NHfDRSYU+EVvuKHDxUDHAXgqixHfVlzuBQaPOTac8hn43aPhMNk6rMe3g==}
    engines: {node: '>=18.0.0'}

  is-binary-path@2.1.0:
    resolution: {integrity: sha512-ZMERYes6pDydyuGidse7OsHxtbI7WVeUEozgR/g7rd0xUimYNlvZRE/K2MgZTjWy725IfelLeVcEM97mmtRGXw==}
    engines: {node: '>=8'}

  is-extglob@2.1.1:
    resolution: {integrity: sha512-SbKbANkN603Vi4jEZv49LeVJMn4yGwsbzZworEoyEiutsN3nJYdbO36zfhGJ6QEDpOZIFkDtnq5JRxmvl3jsoQ==}
    engines: {node: '>=0.10.0'}

  is-fullwidth-code-point@3.0.0:
    resolution: {integrity: sha512-zymm5+u+sCsSWyD9qNaejV3DFvhCKclKdizYaJUuHA83RLjb7nSuGnddCHGv0hk+KY7BMAlsWeK4Ueg6EV6XQg==}
    engines: {node: '>=8'}

  is-glob@4.0.3:
    resolution: {integrity: sha512-xelSayHH36ZgE7ZWhli7pW34hNbNl8Ojv5KVmkJD4hBdD3th8Tfk9vYasLM+mXWOZhFkgZfxhLSnrwRr4elSSg==}
    engines: {node: '>=0.10.0'}

  is-number@7.0.0:
    resolution: {integrity: sha512-41Cifkg6e8TylSpdtTpeLVMqvSBEVzTttHvERD741+pnZ8ANv0004MRL43QKPDlK9cGvNp6NZWZUBlbGXYxxng==}
    engines: {node: '>=0.12.0'}

  jsbi@4.3.0:
    resolution: {integrity: sha512-SnZNcinB4RIcnEyZqFPdGPVgrg2AcnykiBy0sHVJQKHYeaLUvi3Exj+iaPpLnFVkDPZIV4U0yvgC9/R4uEAZ9g==}

  lodash.camelcase@4.3.0:
    resolution: {integrity: sha512-TwuEnCnxbc3rAvhf/LbG7tJUDzhqXyFnv3dtzLOPgCG/hODL7WFnsbwktkD7yUV0RrreP/l1PALq/YSg6VvjlA==}

  lodash.merge@4.6.2:
    resolution: {integrity: sha512-0KpjqXRVvrYyCsX1swR/XTK0va6VQkQM6MNo7PqW77ByjAhoARA8EfrP1N4+KlKj8YS0ZUCtRT/YUuhyYDujIQ==}

  long@5.2.4:
    resolution: {integrity: sha512-qtzLbJE8hq7VabR3mISmVGtoXP8KGc2Z/AT8OuqlYD7JTR3oqrgwdjnk07wpj1twXxYmgDXgoKVWUG/fReSzHg==}

  memfs@4.17.0:
    resolution: {integrity: sha512-4eirfZ7thblFmqFjywlTmuWVSvccHAJbn1r8qQLzmTO11qcqpohOjmY2mFce6x7x7WtskzRqApPD0hv+Oa74jg==}
    engines: {node: '>= 4.0.0'}

  normalize-path@3.0.0:
    resolution: {integrity: sha512-6eZs5Ls3WtCisHWp9S2GUy8dqkpGi4BVSz3GaqiE6ezub0512ESztXUwUB6C6IKbQkY2Pnb/mD4WYojCRwcwLA==}
    engines: {node: '>=0.10.0'}

  oo-ascii-tree@1.106.0:
    resolution: {integrity: sha512-0PZkjIiJUW3jEx7durxcri7JciR8VbJpf2K3qiVbGG4x0MTq6Xm/H84GjBI6tamSx/DV1PMFDfwMs3hm8zfOCw==}
    engines: {node: '>= 14.17.0'}

  picomatch@2.3.1:
    resolution: {integrity: sha512-JU3teHTNjmE2VCGFzuY8EXzCDVwEqB2a8fsIvwaStHhAWJEeVd1o1QD80CU6+ZdEXXSLbSsuLwJjkCBWqRQUVA==}
    engines: {node: '>=8.6'}

  protobufjs@7.4.0:
    resolution: {integrity: sha512-mRUWCc3KUU4w1jU8sGxICXH/gNS94DvI1gxqDvBzhj1JpcsimQkYiOJfwsPUykUI5ZaspFbSgmBLER8IrQ3tqw==}
    engines: {node: '>=12.0.0'}

  readdirp@3.6.0:
    resolution: {integrity: sha512-hOS089on8RduqdbhvQ5Z37A0ESjsqz6qnRcffsMU3495FuTdqSm+7bhJ29JvIOsBDEEnan5DPu9t3To9VRlMzA==}
    engines: {node: '>=8.10.0'}

  require-directory@2.1.1:
    resolution: {integrity: sha512-fGxEI7+wsG9xrvdjsrlmL22OMTTiHRwAMroiEeMgq8gzoLC/PQr7RsRDSTLUg/bZAZtF+TVIkHc6/4RIKrui+Q==}
    engines: {node: '>=0.10.0'}

  semver@7.6.3:
    resolution: {integrity: sha512-oVekP1cKtI+CTDvHWYFUcMtsK/00wmAEfyqKfNdARm8u1wNVhSgaX7A8d4UuIlUI5e84iEwOhs7ZPYRmzU9U6A==}
    engines: {node: '>=10'}
    hasBin: true

  string-width@4.2.3:
    resolution: {integrity: sha512-wKyQRQpjJ0sIp62ErSZdGsjMJWsap5oRNihHhu6G7JVO/9jIB6UyevL+tXuOqrng8j/cxKTWyWUwvSTriiZz/g==}
    engines: {node: '>=8'}

  strip-ansi@6.0.1:
    resolution: {integrity: sha512-Y38VPSHcqkFrCpFnQ9vuSXmquuv5oXOKpGeT6aGrr3o3Gc9AlVa6JBfUSOCnbxGGZF+/0ooI7KrPuUSztUdU5A==}
    engines: {node: '>=8'}

  thingies@1.21.0:
    resolution: {integrity: sha512-hsqsJsFMsV+aD4s3CWKk85ep/3I9XzYV/IXaSouJMYIoDlgyi11cBhsqYe9/geRfB0YIikBQg6raRaM+nIMP9g==}
    engines: {node: '>=10.18'}
    peerDependencies:
      tslib: ^2

  to-regex-range@5.0.1:
    resolution: {integrity: sha512-65P7iz6X5yEr1cwcgvQxbbIw7Uk3gOy5dIdtZ4rDveLqhrdJP+Li/Hx6tyK0NEb+2GCyneCMJiGqrADCSNk8sQ==}
    engines: {node: '>=8.0'}

  tree-dump@1.0.2:
    resolution: {integrity: sha512-dpev9ABuLWdEubk+cIaI9cHwRNNDjkBBLXTwI4UCUFdQ5xXKqNXoK4FEciw/vxf+NQ7Cb7sGUyeUtORvHIdRXQ==}
    engines: {node: '>=10.0'}
    peerDependencies:
      tslib: '2'

  ts-pattern@5.6.1:
    resolution: {integrity: sha512-k126YkAs7sZFGTIr6rEdEbxOkqj4cEKAfhwpJMQcwt2M1SuwSD4PM2ClfeUuIlLwEMtVotiZhOsqXNNWqAMWKA==}

  tslib@2.8.1:
    resolution: {integrity: sha512-oJFu94HQb+KVduSUQL7wnpmqnfmLsOA/nAh6b6EH0wCEoK0/mPeXU6c3wKDV83MkOuHPRHtSXKKU99IBazS/2w==}

  type-fest@4.32.0:
    resolution: {integrity: sha512-rfgpoi08xagF3JSdtJlCwMq9DGNDE0IMh3Mkpc1wUypg9vPi786AiqeBBKcqvIkq42azsBM85N490fyZjeUftw==}
    engines: {node: '>=16'}

  undici-types@6.20.0:
    resolution: {integrity: sha512-Ny6QZ2Nju20vw1SRHe3d9jVu6gJ+4e3+MMpqu7pqE5HT6WsTSlce++GQmK5UXS8mzV8DSYHrQH+Xrf2jVcuKNg==}

  wrap-ansi@7.0.0:
    resolution: {integrity: sha512-YVGIj2kamLSTxw6NsZjoBxfSwsn0ycdesmc4p+Q21c5zPuZ1pl+NfxVdxPtdHvmNVOQ6XSYG4AUtyt/Fi7D16Q==}
    engines: {node: '>=10'}

  y18n@5.0.8:
    resolution: {integrity: sha512-0pfFzegeDWJHJIAmTLRP2DwHjdF5s7jo9tuztdQxAhINCdvS+3nGINqPd00AphqJR/0LhANUS6/+7SCb98YOfA==}
    engines: {node: '>=10'}

  yargs-parser@21.1.1:
    resolution: {integrity: sha512-tVpsJW7DdjecAiFpbIB1e3qxIQsE6NoPc5/eTdrbbIC4h0LVsWhnoa3g+m2HclBIujHzsxZ4VJVA+GUuc2/LBw==}
    engines: {node: '>=12'}

  yargs@17.7.2:
    resolution: {integrity: sha512-7dSzzRQ++CKnNI/krKnYRV7JKKPUXMEh61soaHKg9mrWEhzFWhFnxPxGl+69cD1Ou63C13NUPCnmIcrvqCuM6w==}
    engines: {node: '>=12'}

snapshots:

  '@effect-ts/core@0.60.5':
    dependencies:
      '@effect-ts/system': 0.57.5

  '@effect-ts/otel-sdk-trace-node@0.15.1(@effect-ts/core@0.60.5)(@opentelemetry/api@1.9.0)(@opentelemetry/core@1.30.1(@opentelemetry/api@1.9.0))(@opentelemetry/sdk-trace-base@1.30.1(@opentelemetry/api@1.9.0))(@opentelemetry/sdk-trace-node@1.30.1(@opentelemetry/api@1.9.0))':
    dependencies:
      '@effect-ts/core': 0.60.5
      '@effect-ts/otel': 0.15.1(@effect-ts/core@0.60.5)(@opentelemetry/api@1.9.0)(@opentelemetry/core@1.30.1(@opentelemetry/api@1.9.0))(@opentelemetry/sdk-trace-base@1.30.1(@opentelemetry/api@1.9.0))
      '@opentelemetry/api': 1.9.0
      '@opentelemetry/core': 1.30.1(@opentelemetry/api@1.9.0)
      '@opentelemetry/sdk-trace-base': 1.30.1(@opentelemetry/api@1.9.0)
      '@opentelemetry/sdk-trace-node': 1.30.1(@opentelemetry/api@1.9.0)

  '@effect-ts/otel@0.15.1(@effect-ts/core@0.60.5)(@opentelemetry/api@1.9.0)(@opentelemetry/core@1.30.1(@opentelemetry/api@1.9.0))(@opentelemetry/sdk-trace-base@1.30.1(@opentelemetry/api@1.9.0))':
    dependencies:
      '@effect-ts/core': 0.60.5
      '@opentelemetry/api': 1.9.0
      '@opentelemetry/core': 1.30.1(@opentelemetry/api@1.9.0)
      '@opentelemetry/sdk-trace-base': 1.30.1(@opentelemetry/api@1.9.0)

  '@effect-ts/system@0.57.5': {}

  '@grpc/grpc-js@1.12.5':
    dependencies:
      '@grpc/proto-loader': 0.7.13
      '@js-sdsl/ordered-map': 4.4.2

  '@grpc/proto-loader@0.7.13':
    dependencies:
      lodash.camelcase: 4.3.0
      long: 5.2.4
      protobufjs: 7.4.0
      yargs: 17.7.2

  '@js-sdsl/ordered-map@4.4.2': {}

  '@js-temporal/polyfill@0.4.4':
    dependencies:
      jsbi: 4.3.0
      tslib: 2.8.1

  '@jsonjoy.com/base64@1.1.2(tslib@2.8.1)':
    dependencies:
      tslib: 2.8.1

  '@jsonjoy.com/json-pack@1.1.1(tslib@2.8.1)':
    dependencies:
      '@jsonjoy.com/base64': 1.1.2(tslib@2.8.1)
      '@jsonjoy.com/util': 1.5.0(tslib@2.8.1)
      hyperdyperid: 1.2.0
      thingies: 1.21.0(tslib@2.8.1)
      tslib: 2.8.1

  '@jsonjoy.com/util@1.5.0(tslib@2.8.1)':
    dependencies:
      tslib: 2.8.1

  '@opentelemetry/api-logs@0.51.1':
    dependencies:
      '@opentelemetry/api': 1.9.0

  '@opentelemetry/api@1.9.0': {}

  '@opentelemetry/context-async-hooks@1.30.1(@opentelemetry/api@1.9.0)':
    dependencies:
      '@opentelemetry/api': 1.9.0

  '@opentelemetry/core@1.24.1(@opentelemetry/api@1.9.0)':
    dependencies:
      '@opentelemetry/api': 1.9.0
      '@opentelemetry/semantic-conventions': 1.24.1

  '@opentelemetry/core@1.30.1(@opentelemetry/api@1.9.0)':
    dependencies:
      '@opentelemetry/api': 1.9.0
      '@opentelemetry/semantic-conventions': 1.28.0

  '@opentelemetry/exporter-trace-otlp-grpc@0.51.1(@opentelemetry/api@1.9.0)':
    dependencies:
      '@grpc/grpc-js': 1.12.5
      '@opentelemetry/api': 1.9.0
      '@opentelemetry/core': 1.24.1(@opentelemetry/api@1.9.0)
      '@opentelemetry/otlp-grpc-exporter-base': 0.51.1(@opentelemetry/api@1.9.0)
      '@opentelemetry/otlp-transformer': 0.51.1(@opentelemetry/api@1.9.0)
      '@opentelemetry/resources': 1.24.1(@opentelemetry/api@1.9.0)
      '@opentelemetry/sdk-trace-base': 1.24.1(@opentelemetry/api@1.9.0)

  '@opentelemetry/otlp-exporter-base@0.51.1(@opentelemetry/api@1.9.0)':
    dependencies:
      '@opentelemetry/api': 1.9.0
      '@opentelemetry/core': 1.24.1(@opentelemetry/api@1.9.0)

  '@opentelemetry/otlp-grpc-exporter-base@0.51.1(@opentelemetry/api@1.9.0)':
    dependencies:
      '@grpc/grpc-js': 1.12.5
      '@opentelemetry/api': 1.9.0
      '@opentelemetry/core': 1.24.1(@opentelemetry/api@1.9.0)
      '@opentelemetry/otlp-exporter-base': 0.51.1(@opentelemetry/api@1.9.0)
      protobufjs: 7.4.0

  '@opentelemetry/otlp-transformer@0.51.1(@opentelemetry/api@1.9.0)':
    dependencies:
      '@opentelemetry/api': 1.9.0
      '@opentelemetry/api-logs': 0.51.1
      '@opentelemetry/core': 1.24.1(@opentelemetry/api@1.9.0)
      '@opentelemetry/resources': 1.24.1(@opentelemetry/api@1.9.0)
      '@opentelemetry/sdk-logs': 0.51.1(@opentelemetry/api-logs@0.51.1)(@opentelemetry/api@1.9.0)
      '@opentelemetry/sdk-metrics': 1.24.1(@opentelemetry/api@1.9.0)
      '@opentelemetry/sdk-trace-base': 1.24.1(@opentelemetry/api@1.9.0)

  '@opentelemetry/propagator-b3@1.30.1(@opentelemetry/api@1.9.0)':
    dependencies:
      '@opentelemetry/api': 1.9.0
      '@opentelemetry/core': 1.30.1(@opentelemetry/api@1.9.0)

  '@opentelemetry/propagator-jaeger@1.30.1(@opentelemetry/api@1.9.0)':
    dependencies:
      '@opentelemetry/api': 1.9.0
      '@opentelemetry/core': 1.30.1(@opentelemetry/api@1.9.0)

  '@opentelemetry/resources@1.24.1(@opentelemetry/api@1.9.0)':
    dependencies:
      '@opentelemetry/api': 1.9.0
      '@opentelemetry/core': 1.24.1(@opentelemetry/api@1.9.0)
      '@opentelemetry/semantic-conventions': 1.24.1

  '@opentelemetry/resources@1.30.1(@opentelemetry/api@1.9.0)':
    dependencies:
      '@opentelemetry/api': 1.9.0
      '@opentelemetry/core': 1.30.1(@opentelemetry/api@1.9.0)
      '@opentelemetry/semantic-conventions': 1.28.0

  '@opentelemetry/sdk-logs@0.51.1(@opentelemetry/api-logs@0.51.1)(@opentelemetry/api@1.9.0)':
    dependencies:
      '@opentelemetry/api': 1.9.0
      '@opentelemetry/api-logs': 0.51.1
      '@opentelemetry/core': 1.24.1(@opentelemetry/api@1.9.0)
      '@opentelemetry/resources': 1.24.1(@opentelemetry/api@1.9.0)

  '@opentelemetry/sdk-metrics@1.24.1(@opentelemetry/api@1.9.0)':
    dependencies:
      '@opentelemetry/api': 1.9.0
      '@opentelemetry/core': 1.24.1(@opentelemetry/api@1.9.0)
      '@opentelemetry/resources': 1.24.1(@opentelemetry/api@1.9.0)
      lodash.merge: 4.6.2

  '@opentelemetry/sdk-trace-base@1.24.1(@opentelemetry/api@1.9.0)':
    dependencies:
      '@opentelemetry/api': 1.9.0
      '@opentelemetry/core': 1.24.1(@opentelemetry/api@1.9.0)
      '@opentelemetry/resources': 1.24.1(@opentelemetry/api@1.9.0)
      '@opentelemetry/semantic-conventions': 1.24.1

  '@opentelemetry/sdk-trace-base@1.30.1(@opentelemetry/api@1.9.0)':
    dependencies:
      '@opentelemetry/api': 1.9.0
      '@opentelemetry/core': 1.30.1(@opentelemetry/api@1.9.0)
      '@opentelemetry/resources': 1.30.1(@opentelemetry/api@1.9.0)
      '@opentelemetry/semantic-conventions': 1.28.0

  '@opentelemetry/sdk-trace-node@1.30.1(@opentelemetry/api@1.9.0)':
    dependencies:
      '@opentelemetry/api': 1.9.0
      '@opentelemetry/context-async-hooks': 1.30.1(@opentelemetry/api@1.9.0)
      '@opentelemetry/core': 1.30.1(@opentelemetry/api@1.9.0)
      '@opentelemetry/propagator-b3': 1.30.1(@opentelemetry/api@1.9.0)
      '@opentelemetry/propagator-jaeger': 1.30.1(@opentelemetry/api@1.9.0)
      '@opentelemetry/sdk-trace-base': 1.30.1(@opentelemetry/api@1.9.0)
      semver: 7.6.3

  '@opentelemetry/semantic-conventions@1.24.1': {}

  '@opentelemetry/semantic-conventions@1.28.0': {}

  '@protobufjs/aspromise@1.1.2': {}

  '@protobufjs/base64@1.1.2': {}

  '@protobufjs/codegen@2.0.4': {}

  '@protobufjs/eventemitter@1.1.0': {}

  '@protobufjs/fetch@1.1.0':
    dependencies:
      '@protobufjs/aspromise': 1.1.2
      '@protobufjs/inquire': 1.1.0

  '@protobufjs/float@1.0.2': {}

  '@protobufjs/inquire@1.1.0': {}

  '@protobufjs/path@1.1.2': {}

  '@protobufjs/pool@1.1.0': {}

  '@protobufjs/utf8@1.1.0': {}

  '@types/inflection@1.13.2': {}

  '@types/node@22.10.7':
    dependencies:
      undici-types: 6.20.0

  ansi-regex@5.0.1: {}

  ansi-styles@4.3.0:
    dependencies:
      color-convert: 2.0.1

  anymatch@3.1.3:
    dependencies:
      normalize-path: 3.0.0
      picomatch: 2.3.1

  binary-extensions@2.3.0: {}

  braces@3.0.3:
    dependencies:
      fill-range: 7.1.1

  chokidar@3.6.0:
    dependencies:
      anymatch: 3.1.3
      braces: 3.0.3
      glob-parent: 5.1.2
      is-binary-path: 2.1.0
      is-glob: 4.0.3
      normalize-path: 3.0.0
      readdirp: 3.6.0
    optionalDependencies:
      fsevents: 2.3.3

  cliui@8.0.1:
    dependencies:
      string-width: 4.2.3
      strip-ansi: 6.0.1
      wrap-ansi: 7.0.0

  color-convert@2.0.1:
    dependencies:
      color-name: 1.1.4

  color-name@1.1.4: {}

  emoji-regex@8.0.0: {}

  escalade@3.2.0: {}

  fill-range@7.1.1:
    dependencies:
      to-regex-range: 5.0.1

  fsevents@2.3.3:
    optional: true

  get-caller-file@2.0.5: {}

  glob-parent@5.1.2:
    dependencies:
      is-glob: 4.0.3

  hash-wasm@4.12.0: {}

  hyperdyperid@1.2.0: {}

  inflection@3.0.2: {}

  is-binary-path@2.1.0:
    dependencies:
      binary-extensions: 2.3.0

  is-extglob@2.1.1: {}

  is-fullwidth-code-point@3.0.0: {}

  is-glob@4.0.3:
    dependencies:
      is-extglob: 2.1.1

  is-number@7.0.0: {}

  jsbi@4.3.0: {}

  lodash.camelcase@4.3.0: {}

  lodash.merge@4.6.2: {}

  long@5.2.4: {}

  memfs@4.17.0:
    dependencies:
      '@jsonjoy.com/json-pack': 1.1.1(tslib@2.8.1)
      '@jsonjoy.com/util': 1.5.0(tslib@2.8.1)
      tree-dump: 1.0.2(tslib@2.8.1)
      tslib: 2.8.1

  normalize-path@3.0.0: {}

  oo-ascii-tree@1.106.0: {}

  picomatch@2.3.1: {}

  protobufjs@7.4.0:
    dependencies:
      '@protobufjs/aspromise': 1.1.2
      '@protobufjs/base64': 1.1.2
      '@protobufjs/codegen': 2.0.4
      '@protobufjs/eventemitter': 1.1.0
      '@protobufjs/fetch': 1.1.0
      '@protobufjs/float': 1.0.2
      '@protobufjs/inquire': 1.1.0
      '@protobufjs/path': 1.1.2
      '@protobufjs/pool': 1.1.0
      '@protobufjs/utf8': 1.1.0
      '@types/node': 22.10.7
      long: 5.2.4

  readdirp@3.6.0:
    dependencies:
      picomatch: 2.3.1

  require-directory@2.1.1: {}

  semver@7.6.3: {}

  string-width@4.2.3:
    dependencies:
      emoji-regex: 8.0.0
      is-fullwidth-code-point: 3.0.0
      strip-ansi: 6.0.1

  strip-ansi@6.0.1:
    dependencies:
      ansi-regex: 5.0.1

  thingies@1.21.0(tslib@2.8.1):
    dependencies:
      tslib: 2.8.1

  to-regex-range@5.0.1:
    dependencies:
      is-number: 7.0.0

  tree-dump@1.0.2(tslib@2.8.1):
    dependencies:
      tslib: 2.8.1

  ts-pattern@5.6.1: {}

  tslib@2.8.1: {}

  type-fest@4.32.0: {}

  undici-types@6.20.0: {}

  wrap-ansi@7.0.0:
    dependencies:
      ansi-styles: 4.3.0
      string-width: 4.2.3
      strip-ansi: 6.0.1

  y18n@5.0.8: {}

  yargs-parser@21.1.1: {}

  yargs@17.7.2:
    dependencies:
      cliui: 8.0.1
      escalade: 3.2.0
      get-caller-file: 2.0.5
      require-directory: 2.1.1
      string-width: 4.2.3
      y18n: 5.0.8
      yargs-parser: 21.1.1
